
Microsoft Visual Studio Solution File, Format Version 12.00
# Visual Studio Version 16
VisualStudioVersion = 16.0.31729.503
MinimumVisualStudioVersion = 10.0.40219.1
Project("{FAE04EC0-301F-11D3-BF4B-00C04F79EFBC}") = "WebAPI", "WebAPI\WebAPI.csproj", "{31D5776F-0DDD-404F-8B9D-3FE046812E43}"
EndProject
Project("{FAE04EC0-301F-11D3-BF4B-00C04F79EFBC}") = "jQueryAjaxGeneralLab", "jQueryAjaxGeneralLab\jQueryAjaxGeneralLab.csproj", "{5E17E5CF-3582-4FCB-BB32-BB51942FCC27}"
EndProject
Global
	GlobalSection(SolutionConfigurationPlatforms) = preSolution
		Debug|Any CPU = Debug|Any CPU
		Release|Any CPU = Release|Any CPU
	EndGlobalSection
	GlobalSection(ProjectConfigurationPlatforms) = postSolution
		{31D5776F-0DDD-404F-8B9D-3FE046812E43}.Debug|Any CPU.ActiveCfg = Debug|Any CPU
		{31D5776F-0DDD-404F-8B9D-3FE046812E43}.Debug|Any CPU.Build.0 = Debug|Any CPU
		{31D5776F-0DDD-404F-8B9D-3FE046812E43}.Release|Any CPU.ActiveCfg = Release|Any CPU
		{31D5776F-0DDD-404F-8B9D-3FE046812E43}.Release|Any CPU.Build.0 = Release|Any CPU
		{5E17E5CF-3582-4FCB-BB32-BB51942FCC27}.Debug|Any CPU.ActiveCfg = Debug|Any CPU
		{5E17E5CF-3582-4FCB-BB32-BB51942FCC27}.Debug|Any CPU.Build.0 = Debug|Any CPU
		{5E17E5CF-3582-4FCB-BB32-BB51942FCC27}.Release|Any CPU.ActiveCfg = Release|Any CPU
		{5E17E5CF-3582-4FCB-BB32-BB51942FCC27}.Release|Any CPU.Build.0 = Release|Any CPU
	EndGlobalSection
	GlobalSection(SolutionProperties) = preSolution
		HideSolutionNode = FALSE
	EndGlobalSection
	GlobalSection(ExtensibilityGlobals) = postSolution
		SolutionGuid = {870C6791-6FB4-4E1B-B7A4-91A526292D5C}
	EndGlobalSection
EndGlobal
